hash: c9699348145634b639bf1455b1f0e32179db2a34519b5e08449c502aa73b7289
updated: 2017-11-25T22:09:22.9824506+08:00
imports:
- name: github.com/beevik/etree
  version: af219c0c7ea1b67ec263c0b1b1b96d284a9181ce
- name: github.com/BurntSushi/toml
  version: b26d9c308763d68093482582cea63d69be07a0f0
- name: github.com/fatih/structs
  version: f5faa72e73092639913f5833b75e1ac1d6bc7a63
- name: github.com/go-ozzo/ozzo-routing
  version: bd886380e6a7fe8d842c68b595fadae2dcc3bee8
  subpackages:
  - fault
  - file
- name: github.com/ikeikeikeike/go-sitemap-generator
  version: e3c3d374db77838e92e5981ba81f26d1ecea4aa8
  subpackages:
  - stm
- name: github.com/imdario/mergo
  version: 7fe0c75c13abdee74b09fcacef5ea1c6bba6a874
- name: github.com/op/go-logging
  version: b2cb9fa56473e98db8caba80237377e83fe44db5
- name: github.com/unrolled/render
  version: 65450fb6b2d3595beca39f969c411db8f8d5c806
- name: golang.org/x/sys
  version: bf42f188b9bc6f2cf5b8ee5a912ef1aedd0eba4c
  repo: https://github.com/golang/sys.git
testImports: []
